
Microsoft Visual Studio Solution File, Format Version 12.00
# Visual Studio Version 17
VisualStudioVersion = 17.3.32901.215
MinimumVisualStudioVersion = 10.0.40219.1
Project("{FAE04EC0-301F-11D3-BF4B-00C04F79EFBC}") = "Booky", "Booky\Booky.csproj", "{D470B20F-5D05-42A8-A865-EE1704CFAF6F}"
EndProject
Project("{FAE04EC0-301F-11D3-BF4B-00C04F79EFBC}") = "Domain", "Domain\Domain.csproj", "{3C77AF8A-4CFA-4C32-8074-B20B71784D19}"
EndProject
Project("{FAE04EC0-301F-11D3-BF4B-00C04F79EFBC}") = "Infrastructure", "Infrastructure\Infrastructure.csproj", "{CD023F29-19C6-4C5C-84CE-7989A4B780FC}"
EndProject
Global
	GlobalSection(SolutionConfigurationPlatforms) = preSolution
		Debug|Any CPU = Debug|Any CPU
		Release|Any CPU = Release|Any CPU
	EndGlobalSection
	GlobalSection(ProjectConfigurationPlatforms) = postSolution
		{D470B20F-5D05-42A8-A865-EE1704CFAF6F}.Debug|Any CPU.ActiveCfg = Debug|Any CPU
		{D470B20F-5D05-42A8-A865-EE1704CFAF6F}.Debug|Any CPU.Build.0 = Debug|Any CPU
		{D470B20F-5D05-42A8-A865-EE1704CFAF6F}.Release|Any CPU.ActiveCfg = Release|Any CPU
		{D470B20F-5D05-42A8-A865-EE1704CFAF6F}.Release|Any CPU.Build.0 = Release|Any CPU
		{3C77AF8A-4CFA-4C32-8074-B20B71784D19}.Debug|Any CPU.ActiveCfg = Debug|Any CPU
		{3C77AF8A-4CFA-4C32-8074-B20B71784D19}.Debug|Any CPU.Build.0 = Debug|Any CPU
		{3C77AF8A-4CFA-4C32-8074-B20B71784D19}.Release|Any CPU.ActiveCfg = Release|Any CPU
		{3C77AF8A-4CFA-4C32-8074-B20B71784D19}.Release|Any CPU.Build.0 = Release|Any CPU
		{CD023F29-19C6-4C5C-84CE-7989A4B780FC}.Debug|Any CPU.ActiveCfg = Debug|Any CPU
		{CD023F29-19C6-4C5C-84CE-7989A4B780FC}.Debug|Any CPU.Build.0 = Debug|Any CPU
		{CD023F29-19C6-4C5C-84CE-7989A4B780FC}.Release|Any CPU.ActiveCfg = Release|Any CPU
		{CD023F29-19C6-4C5C-84CE-7989A4B780FC}.Release|Any CPU.Build.0 = Release|Any CPU
	EndGlobalSection
	GlobalSection(SolutionProperties) = preSolution
		HideSolutionNode = FALSE
	EndGlobalSection
	GlobalSection(ExtensibilityGlobals) = postSolution
		SolutionGuid = {47F47E69-A3A3-4F12-A064-EC55F4B229DA}
	EndGlobalSection
EndGlobal
